
Microsoft Visual Studio Solution File, Format Version 12.00
# Visual Studio Version 17
VisualStudioVersion = 17.5.33530.505
MinimumVisualStudioVersion = 10.0.40219.1
Project("{FAE04EC0-301F-11D3-BF4B-00C04F79EFBC}") = "LINQToSQL", "LINQToSQL\LINQToSQL.csproj", "{7B0F847E-6E9A-4F8F-BF78-EEDAF7795608}"
EndProject
Global
	GlobalSection(SolutionConfigurationPlatforms) = preSolution
		Debug|Any CPU = Debug|Any CPU
		Release|Any CPU = Release|Any CPU
	EndGlobalSection
	GlobalSection(ProjectConfigurationPlatforms) = postSolution
		{7B0F847E-6E9A-4F8F-BF78-EEDAF7795608}.Debug|Any CPU.ActiveCfg = Debug|Any CPU
		{7B0F847E-6E9A-4F8F-BF78-EEDAF7795608}.Debug|Any CPU.Build.0 = Debug|Any CPU
		{7B0F847E-6E9A-4F8F-BF78-EEDAF7795608}.Release|Any CPU.ActiveCfg = Release|Any CPU
		{7B0F847E-6E9A-4F8F-BF78-EEDAF7795608}.Release|Any CPU.Build.0 = Release|Any CPU
	EndGlobalSection
	GlobalSection(SolutionProperties) = preSolution
		HideSolutionNode = FALSE
	EndGlobalSection
	GlobalSection(ExtensibilityGlobals) = postSolution
		SolutionGuid = {84132CCF-E604-41C6-965B-BBAA47D08501}
	EndGlobalSection
EndGlobal
